// !$*UTF8*$!
{
	archiveVersion = 1;
	classes = {
	};
	objectVersion = 50;
	objects = {

/* Begin PBXBuildFile section */
		05D0945825DAAD61001AFEBA /* AppDelegate.swift in Sources */ = {isa = PBXBuildFile; fileRef = 05D0945725DAAD61001AFEBA /* AppDelegate.swift */; };
		05D0945A25DAAD61001AFEBA /* SceneDelegate.swift in Sources */ = {isa = PBXBuildFile; fileRef = 05D0945925DAAD61001AFEBA /* SceneDelegate.swift */; };
		05D0945C25DAAD61001AFEBA /* ViewController.swift in Sources */ = {isa = PBXBuildFile; fileRef = 05D0945B25DAAD61001AFEBA /* ViewController.swift */; };
		05D0946125DAAD62001AFEBA /* Assets.xcassets in Resources */ = {isa = PBXBuildFile; fileRef = 05D0946025DAAD62001AFEBA /* Assets.xcassets */; };
		05D0946425DAAD62001AFEBA /* LaunchScreen.storyboard in Resources */ = {isa = PBXBuildFile; fileRef = 05D0946225DAAD62001AFEBA /* LaunchScreen.storyboard */; };
		05D0946C25DAB120001AFEBA /* LaunchScreen.storyboard in Resources */ = {isa = PBXBuildFile; fileRef = 05D0946B25DAB120001AFEBA /* LaunchScreen.storyboard */; };
		05D0946E25DAB13B001AFEBA /* Main.storyboard in Resources */ = {isa = PBXBuildFile; fileRef = 05D0946D25DAB13B001AFEBA /* Main.storyboard */; };
/* End PBXBuildFile section */

/* Begin PBXFileReference section */
		05D0945425DAAD61001AFEBA /* QR_Generator.app */ = {isa = PBXFileReference; explicitFileType = wrapper.application; includeInIndex = 0; path = QR_Generator.app; sourceTree = BUILT_PRODUCTS_DIR; };
		05D0945725DAAD61001AFEBA /* AppDelegate.swift */ = {isa = PBXFileReference; lastKnownFileType = sourcecode.swift; path = AppDelegate.swift; sourceTree = "<group>"; };
		05D0945925DAAD61001AFEBA /* SceneDelegate.swift */ = {isa = PBXFileReference; lastKnownFileType = sourcecode.swift; path = SceneDelegate.swift; sourceTree = "<group>"; };
		05D0945B25DAAD61001AFEBA /* ViewController.swift */ = {isa = PBXFileReference; lastKnownFileType = sourcecode.swift; path = ViewController.swift; sourceTree = "<group>"; };
		05D0946025DAAD62001AFEBA /* Assets.xcassets */ = {isa = PBXFileReference; lastKnownFileType = folder.assetcatalog; path = Assets.xcassets; sourceTree = "<group>"; };
		05D0946325DAAD62001AFEBA /* Base */ = {isa = PBXFileReference; lastKnownFileType = file.storyboard; name = Base; path = Base.lproj/LaunchScreen.storyboard; sourceTree = "<group>"; };
		05D0946525DAAD62001AFEBA /* Info.plist */ = {isa = PBXFileReference; lastKnownFileType = text.plist.xml; path = Info.plist; sourceTree = "<group>"; };
		05D0946B25DAB120001AFEBA /* LaunchScreen.storyboard */ = {isa = PBXFileReference; fileEncoding = 4; lastKnownFileType = file.storyboard; path = LaunchScreen.storyboard; sourceTree = "<group>"; };
		05D0946D25DAB13B001AFEBA /* Main.storyboard */ = {isa = PBXFileReference; fileEncoding = 4; lastKnownFileType = file.storyboard; path = Main.storyboard; sourceTree = "<group>"; };
/* End PBXFileReference section */

/* Begin PBXFrameworksBuildPhase section */
		05D0945125DAAD61001AFEBA /* Frameworks */ = {
			isa = PBXFrameworksBuildPhase;
			buildActionMask = 2147483647;
			files = (
			);
			runOnlyForDeploymentPostprocessing = 0;
		};
/* End PBXFrameworksBuildPhase section */

/* Begin PBXGroup section */
		05D0944B25DAAD61001AFEBA = {
			isa = PBXGroup;
			children = (
				05D0945625DAAD61001AFEBA /* QR_Generator */,
				05D0945525DAAD61001AFEBA /* Products */,
			);
			sourceTree = "<group>";
		};
		05D0945525DAAD61001AFEBA /* Products */ = {
			isa = PBXGroup;
			children = (
				05D0945425DAAD61001AFEBA /* QR_Generator.app */,
			);
			name = Products;
			sourceTree = "<group>";
		};
		05D0945625DAAD61001AFEBA /* QR_Generator */ = {
			isa = PBXGroup;
			children = (
				05D0945725DAAD61001AFEBA /* AppDelegate.swift */,
				05D0945925DAAD61001AFEBA /* SceneDelegate.swift */,
				05D0945B25DAAD61001AFEBA /* ViewController.swift */,
				05D0946D25DAB13B001AFEBA /* Main.storyboard */,
				05D0946B25DAB120001AFEBA /* LaunchScreen.storyboard */,
				05D0946025DAAD62001AFEBA /* Assets.xcassets */,
				05D0946225DAAD62001AFEBA /* LaunchScreen.storyboard */,
				05D0946525DAAD62001AFEBA /* Info.plist */,
			);
			path = QR_Generator;
			sourceTree = "<group>";
		};
/* End PBXGroup section */

/* Begin PBXNativeTarget section */
		05D0945325DAAD61001AFEBA /* QR_Generator */ = {
			isa = PBXNativeTarget;
			buildConfigurationList = 05D0946825DAAD62001AFEBA /* Build configuration list for PBXNativeTarget "QR_Generator" */;
			buildPhases = (
				05D0945025DAAD61001AFEBA /* Sources */,
				05D0945125DAAD61001AFEBA /* Frameworks */,
				05D0945225DAAD61001AFEBA /* Resources */,
			);
			buildRules = (
			);
			dependencies = (
			);
			name = QR_Generator;
			productName = QR_Generator;
			productReference = 05D0945425DAAD61001AFEBA /* QR_Generator.app */;
			productType = "com.apple.product-type.application";
		};
/* End PBXNativeTarget section */

/* Begin PBXProject section */
		05D0944C25DAAD61001AFEBA /* Project object */ = {
			isa = PBXProject;
			attributes = {
				LastSwiftUpdateCheck = 1130;
				LastUpgradeCheck = 1130;
				ORGANIZATIONNAME = yadavboy;
				TargetAttributes = {
					05D0945325DAAD61001AFEBA = {
						CreatedOnToolsVersion = 11.3.1;
					};
				};
			};
			buildConfigurationList = 05D0944F25DAAD61001AFEBA /* Build configuration list for PBXProject "QR_Generator" */;
			compatibilityVersion = "Xcode 9.3";
			developmentRegion = en;
			hasScannedForEncodings = 0;
			knownRegions = (
				en,
				Base,
			);
			mainGroup = 05D0944B25DAAD61001AFEBA;
			productRefGroup = 05D0945525DAAD61001AFEBA /* Products */;
			projectDirPath = "";
			projectRoot = "";
			targets = (
				05D0945325DAAD61001AFEBA /* QR_Generator */,
			);
		};
/* End PBXProject section */

/* Begin PBXResourcesBuildPhase section */
		05D0945225DAAD61001AFEBA /* Resources */ = {
			isa = PBXResourcesBuildPhase;
			buildActionMask = 2147483647;
			files = (
				05D0946425DAAD62001AFEBA /* LaunchScreen.storyboard in Resources */,
				05D0946C25DAB120001AFEBA /* LaunchScreen.storyboard in Resources */,
				05D0946125DAAD62001AFEBA /* Assets.xcassets in Resources */,
				05D0946E25DAB13B001AFEBA /* Main.storyboard in Resources */,
			);
			runOnlyForDeploymentPostprocessing = 0;
		};
/* End PBXResourcesBuildPhase section */

/* Begin PBXSourcesBuildPhase section */
		05D0945025DAAD61001AFEBA /* Sources */ = {
			isa = PBXSourcesBuildPhase;
			buildActionMask = 2147483647;
			files = (
				05D0945C25DAAD61001AFEBA /* ViewController.swift in Sources */,
				05D0945825DAAD61001AFEBA /* AppDelegate.swift in Sources */,
				05D0945A25DAAD61001AFEBA /* SceneDelegate.swift in Sources */,
			);
			runOnlyForDeploymentPostprocessing = 0;
		};
/* End PBXSourcesBuildPhase section */

/* Begin PBXVariantGroup section */
		05D0946225DAAD62001AFEBA /* LaunchScreen.storyboard */ = {
			isa = PBXVariantGroup;
			children = (
				05D0946325DAAD62001AFEBA /* Base */,
			);
			name = LaunchScreen.storyboard;
			sourceTree = "<group>";
		};
/* End PBXVariantGroup section */

/* Begin XCBuildConfiguration section */
		05D0946625DAAD62001AFEBA /* Debug */ = {
			isa = XCBuildConfiguration;
			buildSettings = {
				ALWAYS_SEARCH_USER_PATHS = NO;
				CLANG_ANALYZER_NONNULL = YES;
				CLANG_ANALYZER_NUMBER_OBJECT_CONVERSION = YES_AGGRESSIVE;
				CLANG_CXX_LANGUAGE_STANDARD = "gnu++14";
				CLANG_CXX_LIBRARY = "libc++";
				CLANG_ENABLE_MODULES = YES;
				CLANG_ENABLE_OBJC_ARC = YES;
				CLANG_ENABLE_OBJC_WEAK = YES;
				CLANG_WARN_BLOCK_CAPTURE_AUTORELEASING = YES;
				CLANG_WARN_BOOL_CONVERSION = YES;
				CLANG_WARN_COMMA = YES;
				CLANG_WARN_CONSTANT_CONVERSION = YES;
				CLANG_WARN_DEPRECATED_OBJC_IMPLEMENTATIONS = YES;
				CLANG_WARN_DIRECT_OBJC_ISA_USAGE = YES_ERROR;
				CLANG_WARN_DOCUMENTATION_COMMENTS = YES;
				CLANG_WARN_EMPTY_BODY = YES;
				CLANG_WARN_ENUM_CONVERSION = YES;
				CLANG_WARN_INFINITE_RECURSION = YES;
				CLANG_WARN_INT_CONVERSION = YES;
				CLANG_WARN_NON_LITERAL_NULL_CONVERSION = YES;
				CLANG_WARN_OBJC_IMPLICIT_RETAIN_SELF = YES;
				CLANG_WARN_OBJC_LITERAL_CONVERSION = YES;
				CLANG_WARN_OBJC_ROOT_CLASS = YES_ERROR;
				CLANG_WARN_RANGE_LOOP_ANALYSIS = YES;
				CLANG_WARN_STRICT_PROTOTYPES = YES;
				CLANG_WARN_SUSPICIOUS_MOVE = YES;
				CLANG_WARN_UNGUARDED_AVAILABILITY = YES_AGGRESSIVE;
				CLANG_WARN_UNREACHABLE_CODE = YES;
				CLANG_WARN__DUPLICATE_METHOD_MATCH = YES;
				COPY_PHASE_STRIP = NO;
				DEBUG_INFORMATION_FORMAT = dwarf;
				ENABLE_STRICT_OBJC_MSGSEND = YES;
				ENABLE_TESTABILITY = YES;
				GCC_C_LANGUAGE_STANDARD = gnu11;
				GCC_DYNAMIC_NO_PIC = NO;
				GCC_NO_COMMON_BLOCKS = YES;
				GCC_OPTIMIZATION_LEVEL = 0;
				GCC_PREPROCESSOR_DEFINITIONS = (
					"DEBUG=1",
					"$(inherited)",
				);
				GCC_WARN_64_TO_32_BIT_CONVERSION = YES;
				GCC_WARN_ABOUT_RETURN_TYPE = YES_ERROR;
				GCC_WARN_UNDECLARED_SELECTOR = YES;
				GCC_WARN_UNINITIALIZED_AUTOS = YES_AGGRESSIVE;
				GCC_WARN_UNUSED_FUNCTION = YES;
				GCC_WARN_UNUSED_VARIABLE = YES;
				IPHONEOS_DEPLOYMENT_TARGET = 13.2;
				MTL_ENABLE_DEBUG_INFO = INCLUDE_SOURCE;
				MTL_FAST_MATH = YES;
				ONLY_ACTIVE_ARCH = YES;
				SDKROOT = iphoneos;
				SWIFT_ACTIVE_COMPILATION_CONDITIONS = DEBUG;
				SWIFT_OPTIMIZATION_LEVEL = "-Onone";
			};
			name = Debug;
		};
		05D0946725DAAD62001AFEBA /* Release */ = {
			isa = XCBuildConfiguration;
			buildSettings = {
				ALWAYS_SEARCH_USER_PATHS = NO;
				CLANG_ANALYZER_NONNULL = YES;
				CLANG_ANALYZER_NUMBER_OBJECT_CONVERSION = YES_AGGRESSIVE;
				CLANG_CXX_LANGUAGE_STANDARD = "gnu++14";
				CLANG_CXX_LIBRARY = "libc++";
				CLANG_ENABLE_MODULES = YES;
				CLANG_ENABLE_OBJC_ARC = YES;
				CLANG_ENABLE_OBJC_WEAK = YES;
				CLANG_WARN_BLOCK_CAPTURE_AUTORELEASING = YES;
				CLANG_WARN_BOOL_CONVERSION = YES;
				CLANG_WARN_COMMA = YES;
				CLANG_WARN_CONSTANT_CONVERSION = YES;
				CLANG_WARN_DEPRECATED_OBJC_IMPLEMENTATIONS = YES;
				CLANG_WARN_DIRECT_OBJC_ISA_USAGE = YES_ERROR;
				CLANG_WARN_DOCUMENTATION_COMMENTS = YES;
				CLANG_WARN_EMPTY_BODY = YES;
				CLANG_WARN_ENUM_CONVERSION = YES;
				CLANG_WARN_INFINITE_RECURSION = YES;
				CLANG_WARN_INT_CONVERSION = YES;
				CLANG_WARN_NON_LITERAL_NULL_CONVERSION = YES;
				CLANG_WARN_OBJC_IMPLICIT_RETAIN_SELF = YES;
				CLANG_WARN_OBJC_LITERAL_CONVERSION = YES;
				CLANG_WARN_OBJC_ROOT_CLASS = YES_ERROR;
				CLANG_WARN_RANGE_LOOP_ANALYSIS = YES;
				CLANG_WARN_STRICT_PROTOTYPES = YES;
				CLANG_WARN_SUSPICIOUS_MOVE = YES;
				CLANG_WARN_UNGUARDED_AVAILABILITY = YES_AGGRESSIVE;
				CLANG_WARN_UNREACHABLE_CODE = YES;
				CLANG_WARN__DUPLICATE_METHOD_MATCH = YES;
				COPY_PHASE_STRIP = NO;
				DEBUG_INFORMATION_FORMAT = "dwarf-with-dsym";
				ENABLE_NS_ASSERTIONS = NO;
				ENABLE_STRICT_OBJC_MSGSEND = YES;
				GCC_C_LANGUAGE_STANDARD = gnu11;
				GCC_NO_COMMON_BLOCKS = YES;
				GCC_WARN_64_TO_32_BIT_CONVERSION = YES;
				GCC_WARN_ABOUT_RETURN_TYPE = YES_ERROR;
				GCC_WARN_UNDECLARED_SELECTOR = YES;
				GCC_WARN_UNINITIALIZED_AUTOS = YES_AGGRESSIVE;
				GCC_WARN_UNUSED_FUNCTION = YES;
				GCC_WARN_UNUSED_VARIABLE = YES;
				IPHONEOS_DEPLOYMENT_TARGET = 13.2;
				MTL_ENABLE_DEBUG_INFO = NO;
				MTL_FAST_MATH = YES;
				SDKROOT = iphoneos;
				SWIFT_COMPILATION_MODE = wholemodule;
				SWIFT_OPTIMIZATION_LEVEL = "-O";
				VALIDATE_PRODUCT = YES;
			};
			name = Release;
		};
		05D0946925DAAD62001AFEBA /* Debug */ = {
			isa = XCBuildConfiguration;
			buildSettings = {
				ASSETCATALOG_COMPILER_APPICON_NAME = AppIcon;
				CODE_SIGN_STYLE = Automatic;
				DEVELOPMENT_TEAM = VQCUW7ET86;
				INFOPLIST_FILE = QR_Generator/Info.plist;
				LD_RUNPATH_SEARCH_PATHS = (
					"$(inherited)",
					"@executable_path/Frameworks",
				);
				PRODUCT_BUNDLE_IDENTIFIER = "com.yogendraSingh.QR-Generator";
				PRODUCT_NAME = "$(TARGET_NAME)";
				SWIFT_VERSION = 5.0;
				TARGETED_DEVICE_FAMILY = "1,2";
			};
			name = Debug;
		};
		05D0946A25DAAD62001AFEBA /* Release */ = {
			isa = XCBuildConfiguration;
			buildSettings = {
				ASSETCATALOG_COMPILER_APPICON_NAME = AppIcon;
				CODE_SIGN_STYLE = Automatic;
				DEVELOPMENT_TEAM = VQCUW7ET86;
				INFOPLIST_FILE = QR_Generator/Info.plist;
				LD_RUNPATH_SEARCH_PATHS = (
					"$(inherited)",
					"@executable_path/Frameworks",
				);
				PRODUCT_BUNDLE_IDENTIFIER = "com.yogendraSingh.QR-Generator";
				PRODUCT_NAME = "$(TARGET_NAME)";
				SWIFT_VERSION = 5.0;
				TARGETED_DEVICE_FAMILY = "1,2";
			};
			name = Release;
		};
/* End XCBuildConfiguration section */

/* Begin XCConfigurationList section */
		05D0944F25DAAD61001AFEBA /* Build configuration list for PBXProject "QR_Generator" */ = {
			isa = XCConfigurationList;
			buildConfigurations = (
				05D0946625DAAD62001AFEBA /* Debug */,
				05D0946725DAAD62001AFEBA /* Release */,
			);
			defaultConfigurationIsVisible = 0;
			defaultConfigurationName = Release;
		};
		05D0946825DAAD62001AFEBA /* Build configuration list for PBXNativeTarget "QR_Generator" */ = {
			isa = XCConfigurationList;
			buildConfigurations = (
				05D0946925DAAD62001AFEBA /* Debug */,
				05D0946A25DAAD62001AFEBA /* Release */,
			);
			defaultConfigurationIsVisible = 0;
			defaultConfigurationName = Release;
		};
/* End XCConfigurationList section */
	};
	rootObject = 05D0944C25DAAD61001AFEBA /* Project object */;
}
